
Microsoft Visual Studio Solution File, Format Version 12.00
# Visual Studio 15
VisualStudioVersion = 15.0.28010.2041
MinimumVisualStudioVersion = 10.0.40219.1
Project("{FAE04EC0-301F-11D3-BF4B-00C04F79EFBC}") = "MvcApp", "MvcApp\MvcApp.csproj", "{D62D7939-ECCF-4AD4-B459-D9A4CB57D658}"
EndProject
Global
	GlobalSection(SolutionConfigurationPlatforms) = preSolution
		Debug|Any CPU = Debug|Any CPU
		Release|Any CPU = Release|Any CPU
	EndGlobalSection
	GlobalSection(ProjectConfigurationPlatforms) = postSolution
		{D62D7939-ECCF-4AD4-B459-D9A4CB57D658}.Debug|Any CPU.ActiveCfg = Debug|Any CPU
		{D62D7939-ECCF-4AD4-B459-D9A4CB57D658}.Debug|Any CPU.Build.0 = Debug|Any CPU
		{D62D7939-ECCF-4AD4-B459-D9A4CB57D658}.Release|Any CPU.ActiveCfg = Release|Any CPU
		{D62D7939-ECCF-4AD4-B459-D9A4CB57D658}.Release|Any CPU.Build.0 = Release|Any CPU
	EndGlobalSection
	GlobalSection(SolutionProperties) = preSolution
		HideSolutionNode = FALSE
	EndGlobalSection
	GlobalSection(ExtensibilityGlobals) = postSolution
		SolutionGuid = {68F961EC-2C79-49D0-993D-F3F8B8FF4F80}
	EndGlobalSection
EndGlobal
